<?xml version="1.0" encoding="utf-8"?>
<Project ToolsVersion="4.0" xmlns="http://schemas.microsoft.com/developer/msbuild/2003">
  <ItemGroup>
    <Filter Include="Source Files">
      <UniqueIdentifier>{4FC737F1-C7A5-4376-A066-2A32D752A2FF}</UniqueIdentifier>
      <Extensions>cpp;c;cc;cxx;c++;cppm;ixx;def;odl;idl;hpj;bat;asm;asmx</Extensions>
    </Filter>
    <Filter Include="Header Files">
      <UniqueIdentifier>{93995380-89BD-4b04-88EB-625FBE52EBFB}</UniqueIdentifier>
      <Extensions>h;hh;hpp;hxx;h++;hm;inl;inc;ipp;xsd</Extensions>
    </Filter>
    <Filter Include="Resource Files">
      <UniqueIdentifier>{67DA6AB6-F800-4c08-8B7A-83BB121AAD01}</UniqueIdentifier>
      <Extensions>rc;ico;cur;bmp;dlg;rc2;rct;bin;rgs;gif;jpg;jpeg;jpe;resx;tiff;tif;png;wav;mfcribbon-ms</Extensions>
    </Filter>
    <Filter Include="Controller">
      <UniqueIdentifier>{08ddbbe0-406a-4069-b1a3-00d1fa90ac28}</UniqueIdentifier>
    </Filter>
    <Filter Include="DataStore">
      <UniqueIdentifier>{113e2481-71f9-487e-b731-a1a9d1c7b8ae}</UniqueIdentifier>
    </Filter>
    <Filter Include="Factories">
      <UniqueIdentifier>{6ac45b9d-8b77-49ec-92c2-1caf24500245}</UniqueIdentifier>
    </Filter>
    <Filter Include="Models">
      <UniqueIdentifier>{0e12f050-baee-4684-b3aa-9186d141b021}</UniqueIdentifier>
    </Filter>
    <Filter Include="Services">
      <UniqueIdentifier>{0b24efa7-9e1c-4b7c-a5ba-420bf689bf08}</UniqueIdentifier>
    </Filter>
    <Filter Include="Utilities">
      <UniqueIdentifier>{232a4c11-58ea-4163-a332-056fe313a1eb}</UniqueIdentifier>
    </Filter>
    <Filter Include="Views">
      <UniqueIdentifier>{c324e043-7d8e-4719-9945-0ff34b66fe75}</UniqueIdentifier>
    </Filter>
    <Filter Include="File">
      <UniqueIdentifier>{bb197fd2-8b1a-484e-8f83-c5080a748e32}</UniqueIdentifier>
    </Filter>
  </ItemGroup>
  <ItemGroup>
    <ClCompile Include="Trenser.QuickBook.cpp">
      <Filter>Source Files</Filter>
    </ClCompile>
    <ClCompile Include="Controller\Controller.cpp">
      <Filter>Controller</Filter>
    </ClCompile>
    <ClCompile Include="DataStore\DataStore.cpp">
      <Filter>DataStore</Filter>
    </ClCompile>
    <ClCompile Include="Factories\Factory.cpp">
      <Filter>Factories</Filter>
    </ClCompile>
    <ClCompile Include="Models\Admin.cpp">
      <Filter>Models</Filter>
    </ClCompile>
    <ClCompile Include="Models\Booking.cpp">
      <Filter>Models</Filter>
    </ClCompile>
    <ClCompile Include="Models\Customer.cpp">
      <Filter>Models</Filter>
    </ClCompile>
    <ClCompile Include="Models\Log.cpp">
      <Filter>Models</Filter>
    </ClCompile>
    <ClCompile Include="Models\Movie.cpp">
      <Filter>Models</Filter>
    </ClCompile>
    <ClCompile Include="Models\Notification.cpp">
      <Filter>Models</Filter>
    </ClCompile>
    <ClCompile Include="Models\Payment.cpp">
      <Filter>Models</Filter>
    </ClCompile>
    <ClCompile Include="Models\Refund.cpp">
      <Filter>Models</Filter>
    </ClCompile>
    <ClCompile Include="Models\Screen.cpp">
      <Filter>Models</Filter>
    </ClCompile>
    <ClCompile Include="Models\Seat.cpp">
      <Filter>Models</Filter>
    </ClCompile>
    <ClCompile Include="Models\Show.cpp">
      <Filter>Models</Filter>
    </ClCompile>
    <ClCompile Include="Models\ShowSeatAvailability.cpp">
      <Filter>Models</Filter>
    </ClCompile>
    <ClCompile Include="Models\Theatre.cpp">
      <Filter>Models</Filter>
    </ClCompile>
    <ClCompile Include="Models\TheatreOwner.cpp">
      <Filter>Models</Filter>
    </ClCompile>
    <ClCompile Include="Models\Ticket.cpp">
      <Filter>Models</Filter>
    </ClCompile>
    <ClCompile Include="Models\User.cpp">
      <Filter>Models</Filter>
    </ClCompile>
    <ClCompile Include="Views\UserInterface.cpp">
      <Filter>Views</Filter>
    </ClCompile>
    <ClCompile Include="Utilities\Enums.cpp">
      <Filter>Utilities</Filter>
    </ClCompile>
    <ClCompile Include="Utilities\InputHelper.cpp">
      <Filter>Utilities</Filter>
    </ClCompile>
    <ClCompile Include="Utilities\OutputHelper.cpp">
      <Filter>Utilities</Filter>
    </ClCompile>
    <ClCompile Include="Utilities\TimeStamp.cpp">
      <Filter>Utilities</Filter>
    </ClCompile>
    <ClCompile Include="Utilities\Validator.cpp">
      <Filter>Utilities</Filter>
    </ClCompile>
    <ClCompile Include="Services\AuthenticationManagementService.cpp">
      <Filter>Services</Filter>
    </ClCompile>
    <ClCompile Include="Services\BookingManagementService.cpp">
      <Filter>Services</Filter>
    </ClCompile>
    <ClCompile Include="Services\LogManagementService.cpp">
      <Filter>Services</Filter>
    </ClCompile>
    <ClCompile Include="Services\MovieManagementService.cpp">
      <Filter>Services</Filter>
    </ClCompile>
    <ClCompile Include="Services\PaymentManagementService.cpp">
      <Filter>Services</Filter>
    </ClCompile>
    <ClCompile Include="Services\RefundManagementService.cpp">
      <Filter>Services</Filter>
    </ClCompile>
    <ClCompile Include="Services\ScreenManagementService.cpp">
      <Filter>Services</Filter>
    </ClCompile>
    <ClCompile Include="Services\SeatManagementService.cpp">
      <Filter>Services</Filter>
    </ClCompile>
    <ClCompile Include="Services\ShowManagementService.cpp">
      <Filter>Services</Filter>
    </ClCompile>
    <ClCompile Include="Services\TheatreManagementService.cpp">
      <Filter>Services</Filter>
    </ClCompile>
    <ClCompile Include="Services\TicketManagementService.cpp">
      <Filter>Services</Filter>
    </ClCompile>
    <ClCompile Include="Services\UserManagementService.cpp">
      <Filter>Services</Filter>
    </ClCompile>
    <ClCompile Include="Services\NotificationManagementService.cpp">
      <Filter>Services</Filter>
    </ClCompile>
    <ClCompile Include="Utilities\ApplicationConfig.cpp">
      <Filter>Utilities</Filter>
    </ClCompile>
    <ClCompile Include="Utilities\FileManagement.cpp">
      <Filter>Utilities</Filter>
    </ClCompile>
    <ClCompile Include="Utilities\Datalinker.cpp">
      <Filter>Utilities</Filter>
    </ClCompile>
  </ItemGroup>
  <ItemGroup>
    <ClInclude Include="Controller\Controller.h">
      <Filter>Controller</Filter>
    </ClInclude>
    <ClInclude Include="DataStore\DataStore.h">
      <Filter>DataStore</Filter>
    </ClInclude>
    <ClInclude Include="Factories\Factory.h">
      <Filter>Factories</Filter>
    </ClInclude>
    <ClInclude Include="Models\Admin.h">
      <Filter>Models</Filter>
    </ClInclude>
    <ClInclude Include="Models\Booking.h">
      <Filter>Models</Filter>
    </ClInclude>
    <ClInclude Include="Models\Customer.h">
      <Filter>Models</Filter>
    </ClInclude>
    <ClInclude Include="Models\Log.h">
      <Filter>Models</Filter>
    </ClInclude>
    <ClInclude Include="Models\Movie.h">
      <Filter>Models</Filter>
    </ClInclude>
    <ClInclude Include="Models\Notification.h">
      <Filter>Models</Filter>
    </ClInclude>
    <ClInclude Include="Models\Payment.h">
      <Filter>Models</Filter>
    </ClInclude>
    <ClInclude Include="Models\Refund.h">
      <Filter>Models</Filter>
    </ClInclude>
    <ClInclude Include="Models\Screen.h">
      <Filter>Models</Filter>
    </ClInclude>
    <ClInclude Include="Models\Seat.h">
      <Filter>Models</Filter>
    </ClInclude>
    <ClInclude Include="Models\Show.h">
      <Filter>Models</Filter>
    </ClInclude>
    <ClInclude Include="Models\ShowSeatAvailability.h">
      <Filter>Models</Filter>
    </ClInclude>
    <ClInclude Include="Models\Theatre.h">
      <Filter>Models</Filter>
    </ClInclude>
    <ClInclude Include="Models\TheatreOwner.h">
      <Filter>Models</Filter>
    </ClInclude>
    <ClInclude Include="Models\Ticket.h">
      <Filter>Models</Filter>
    </ClInclude>
    <ClInclude Include="Models\User.h">
      <Filter>Models</Filter>
    </ClInclude>
    <ClInclude Include="Views\UserInterface.h">
      <Filter>Views</Filter>
    </ClInclude>
    <ClInclude Include="Utilities\Enums.h">
      <Filter>Utilities</Filter>
    </ClInclude>
    <ClInclude Include="Utilities\InputHelper.h">
      <Filter>Utilities</Filter>
    </ClInclude>
    <ClInclude Include="Utilities\OutputHelper.h">
      <Filter>Utilities</Filter>
    </ClInclude>
    <ClInclude Include="Utilities\TimeStamp.h">
      <Filter>Utilities</Filter>
    </ClInclude>
    <ClInclude Include="Utilities\Validator.h">
      <Filter>Utilities</Filter>
    </ClInclude>
    <ClInclude Include="Services\AuthenticationManagementService.h">
      <Filter>Services</Filter>
    </ClInclude>
    <ClInclude Include="Services\BookingManagementService.h">
      <Filter>Services</Filter>
    </ClInclude>
    <ClInclude Include="Services\LogManagementService.h">
      <Filter>Services</Filter>
    </ClInclude>
    <ClInclude Include="Services\MovieManagementService.h">
      <Filter>Services</Filter>
    </ClInclude>
    <ClInclude Include="Services\PaymentManagementService.h">
      <Filter>Services</Filter>
    </ClInclude>
    <ClInclude Include="Services\RefundManagementService.h">
      <Filter>Services</Filter>
    </ClInclude>
    <ClInclude Include="Services\ScreenManagementService.h">
      <Filter>Services</Filter>
    </ClInclude>
    <ClInclude Include="Services\SeatManagementService.h">
      <Filter>Services</Filter>
    </ClInclude>
    <ClInclude Include="Services\ShowManagementService.h">
      <Filter>Services</Filter>
    </ClInclude>
    <ClInclude Include="Services\TheatreManagementService.h">
      <Filter>Services</Filter>
    </ClInclude>
    <ClInclude Include="Services\TicketManagementService.h">
      <Filter>Services</Filter>
    </ClInclude>
    <ClInclude Include="Services\UserManagementService.h">
      <Filter>Services</Filter>
    </ClInclude>
    <ClInclude Include="Services\NotificationManagementService.h">
      <Filter>Services</Filter>
    </ClInclude>
    <ClInclude Include="Utilities\ApplicationConfig.h">
      <Filter>Utilities</Filter>
    </ClInclude>
    <ClInclude Include="Utilities\FileManagement.h">
      <Filter>Utilities</Filter>
    </ClInclude>
    <ClInclude Include="Utilities\Datalinker.h">
      <Filter>Utilities</Filter>
    </ClInclude>
  </ItemGroup>
  <ItemGroup>
    <None Include="Files\Booking.csv">
      <Filter>File</Filter>
    </None>
    <None Include="Files\Log.csv">
      <Filter>File</Filter>
    </None>
    <None Include="Files\Movie.csv">
      <Filter>File</Filter>
    </None>
    <None Include="Files\Notification.csv">
      <Filter>File</Filter>
    </None>
    <None Include="Files\Payment.csv">
      <Filter>File</Filter>
    </None>
    <None Include="Files\Refund.csv">
      <Filter>File</Filter>
    </None>
    <None Include="Files\Screen.csv">
      <Filter>File</Filter>
    </None>
    <None Include="Files\Seat.csv">
      <Filter>File</Filter>
    </None>
    <None Include="Files\Show.csv">
      <Filter>File</Filter>
    </None>
    <None Include="Files\Theatre.csv">
      <Filter>File</Filter>
    </None>
    <None Include="Files\Ticket.csv">
      <Filter>File</Filter>
    </None>
    <None Include="Files\User.csv">
      <Filter>File</Filter>
    </None>
    <None Include="Files\ShowSeatAvailability.csv">
      <Filter>File</Filter>
    </None>
  </ItemGroup>
</Project>